
Microsoft Visual Studio Solution File, Format Version 12.00
# Visual Studio Version 17
VisualStudioVersion = 17.7.34003.232
MinimumVisualStudioVersion = 10.0.40219.1
Project("{FAE04EC0-301F-11D3-BF4B-00C04F79EFBC}") = "CRUDstudent4", "CRUDstudent4\CRUDstudent4.csproj", "{E9D4DC85-90DD-4747-B0A8-62C86727577C}"
EndProject
Global
	GlobalSection(SolutionConfigurationPlatforms) = preSolution
		Debug|Any CPU = Debug|Any CPU
		Release|Any CPU = Release|Any CPU
	EndGlobalSection
	GlobalSection(ProjectConfigurationPlatforms) = postSolution
		{E9D4DC85-90DD-4747-B0A8-62C86727577C}.Debug|Any CPU.ActiveCfg = Debug|Any CPU
		{E9D4DC85-90DD-4747-B0A8-62C86727577C}.Debug|Any CPU.Build.0 = Debug|Any CPU
		{E9D4DC85-90DD-4747-B0A8-62C86727577C}.Release|Any CPU.ActiveCfg = Release|Any CPU
		{E9D4DC85-90DD-4747-B0A8-62C86727577C}.Release|Any CPU.Build.0 = Release|Any CPU
	EndGlobalSection
	GlobalSection(SolutionProperties) = preSolution
		HideSolutionNode = FALSE
	EndGlobalSection
	GlobalSection(ExtensibilityGlobals) = postSolution
		SolutionGuid = {F8FEDC65-0B39-481D-8DCF-07BCD990EDC1}
	EndGlobalSection
EndGlobal
